
Microsoft Visual Studio Solution File, Format Version 12.00
# Visual Studio Version 17
VisualStudioVersion = 17.0.31919.166
MinimumVisualStudioVersion = 10.0.40219.1
Project("{FAE04EC0-301F-11D3-BF4B-00C04F79EFBC}") = "WinFormsApp1", "WinFormsApp1.csproj", "{9D61FEA0-8E42-4CCB-8A59-C13B02C1C2FD}"
EndProject
Project("{FAE04EC0-301F-11D3-BF4B-00C04F79EFBC}") = "ClassLibrary", "..\ClassLibrary\ClassLibrary.csproj", "{315EB907-9964-4C46-A24C-D99E71E52DE2}"
EndProject
Global
	GlobalSection(SolutionConfigurationPlatforms) = preSolution
		Debug|Any CPU = Debug|Any CPU
		Release|Any CPU = Release|Any CPU
	EndGlobalSection
	GlobalSection(ProjectConfigurationPlatforms) = postSolution
		{9D61FEA0-8E42-4CCB-8A59-C13B02C1C2FD}.Debug|Any CPU.ActiveCfg = Debug|Any CPU
		{9D61FEA0-8E42-4CCB-8A59-C13B02C1C2FD}.Debug|Any CPU.Build.0 = Debug|Any CPU
		{9D61FEA0-8E42-4CCB-8A59-C13B02C1C2FD}.Release|Any CPU.ActiveCfg = Release|Any CPU
		{9D61FEA0-8E42-4CCB-8A59-C13B02C1C2FD}.Release|Any CPU.Build.0 = Release|Any CPU
		{315EB907-9964-4C46-A24C-D99E71E52DE2}.Debug|Any CPU.ActiveCfg = Debug|Any CPU
		{315EB907-9964-4C46-A24C-D99E71E52DE2}.Debug|Any CPU.Build.0 = Debug|Any CPU
		{315EB907-9964-4C46-A24C-D99E71E52DE2}.Release|Any CPU.ActiveCfg = Release|Any CPU
		{315EB907-9964-4C46-A24C-D99E71E52DE2}.Release|Any CPU.Build.0 = Release|Any CPU
	EndGlobalSection
	GlobalSection(SolutionProperties) = preSolution
		HideSolutionNode = FALSE
	EndGlobalSection
	GlobalSection(ExtensibilityGlobals) = postSolution
		SolutionGuid = {382F3CB0-9437-46C2-B89A-3C9DF2F4D81F}
	EndGlobalSection
EndGlobal
